// !$*UTF8*$!
{
	archiveVersion = 1;
	classes = {
	};
	objectVersion = 77;
	objects = {

/* Begin PBXBuildFile section */
		02258504811F981D6A621E64 /* Reward.swift in Sources */ = {isa = PBXBuildFile; fileRef = 9C5C9181F82EAAE17EE56682 /* Reward.swift */; };
		354A28D7A2F66C0DC80E6FDF /* LoginView.swift in Sources */ = {isa = PBXBuildFile; fileRef = D74A2C973BCCA0CB9902F8B0 /* LoginView.swift */; };
		3627C0491BC4CE1B4C543A46 /* SupabaseClient.swift in Sources */ = {isa = PBXBuildFile; fileRef = E56CDC6F6CF2FE3F6CB6644F /* SupabaseClient.swift */; };
		37BAA2A8C61EE10446FC7521 /* Components.swift in Sources */ = {isa = PBXBuildFile; fileRef = B0A084A592040F8115A35C39 /* Components.swift */; };
		3AFD13BFF0AC8AFAE54FAE75 /* MainTabView.swift in Sources */ = {isa = PBXBuildFile; fileRef = C17C3EAAAC5B09183B000FE9 /* MainTabView.swift */; };
		3BB8DA841E6C33FE29393E42 /* Supabase in Frameworks */ = {isa = PBXBuildFile; productRef = 57831C2B2137246D7B272C43 /* Supabase */; };
		5175F1FF88D78AEB176FAF59 /* CreateTaskSheet.swift in Sources */ = {isa = PBXBuildFile; fileRef = 77A233878E65A42A3320ACCE /* CreateTaskSheet.swift */; };
		51B844AF5668604BC1D4EED6 /* TodayView.swift in Sources */ = {isa = PBXBuildFile; fileRef = AD16E1E75F4E542826FCD3EE /* TodayView.swift */; };
		575D7FE4935513A86CF7BBE1 /* CoinTransaction.swift in Sources */ = {isa = PBXBuildFile; fileRef = 7A744B16B6F8D064303BA205 /* CoinTransaction.swift */; };
		68D18D30B9DDCF683F67F1D6 /* RewardsView.swift in Sources */ = {isa = PBXBuildFile; fileRef = A6FCDDB035845086FA39CAF0 /* RewardsView.swift */; };
		7AF5E09A5A8B2B5EE50641BA /* Colors.swift in Sources */ = {isa = PBXBuildFile; fileRef = C2BF7FC68459BCB5A9301792 /* Colors.swift */; };
		7C1230BB1E1784EDB104DAFF /* User.swift in Sources */ = {isa = PBXBuildFile; fileRef = F76285F6682183B52E8E429E /* User.swift */; };
		93A4D91C3947DCCE0EEC61A2 /* TaskRowView.swift in Sources */ = {isa = PBXBuildFile; fileRef = C29EDC51111B6E3B2667A796 /* TaskRowView.swift */; };
		9C5FDA727AE5E6D14EB78297 /* FeedMessage.swift in Sources */ = {isa = PBXBuildFile; fileRef = A1CE81FC97C70C3263A82392 /* FeedMessage.swift */; };
		9E3594A59C52A87BB65AA3A4 /* ProfileView.swift in Sources */ = {isa = PBXBuildFile; fileRef = 195688809888A8BBF04631E4 /* ProfileView.swift */; };
		A0C167D9C24F2419039AEE17 /* FeedService.swift in Sources */ = {isa = PBXBuildFile; fileRef = 532E358BE82A283EAE3D3456 /* FeedService.swift */; };
		A59578B0640F2241DB56E331 /* CompleteTaskResponse.swift in Sources */ = {isa = PBXBuildFile; fileRef = 3F36B6E491FF6EE4F023E428 /* CompleteTaskResponse.swift */; };
		A5A3DEA649381DD3B4DC5DF3 /* FeedItemView.swift in Sources */ = {isa = PBXBuildFile; fileRef = A31CD2D78295CBC8228931DE /* FeedItemView.swift */; };
		B95F2CD7C97A6920AEE9088C /* ContentView.swift in Sources */ = {isa = PBXBuildFile; fileRef = 9F410F5086881F076C520825 /* ContentView.swift */; };
		BE1AB270308CDF84963901A2 /* TaskItem.swift in Sources */ = {isa = PBXBuildFile; fileRef = 43E6633A5DDD59A1DE5DFC6D /* TaskItem.swift */; };
		C52FA76294D9561899248881 /* FeedView.swift in Sources */ = {isa = PBXBuildFile; fileRef = 8C9FC12BA5D19D4B8F8EC5FC /* FeedView.swift */; };
		C549B1ECEC81BD46177BF024 /* AuthService.swift in Sources */ = {isa = PBXBuildFile; fileRef = DE71AD088092AEA7C31A6421 /* AuthService.swift */; };
		C7910A3AC7FB5768C42A8950 /* Spacing.swift in Sources */ = {isa = PBXBuildFile; fileRef = 41A7278F0D66EA877AE2D8B2 /* Spacing.swift */; };
		D2FC8E9E4E304C0761AFD210 /* ProfileService.swift in Sources */ = {isa = PBXBuildFile; fileRef = 182CFAADB49E339A7794ADAB /* ProfileService.swift */; };
		D87FC09BEBAE2B7930BAAC2C /* TaskService.swift in Sources */ = {isa = PBXBuildFile; fileRef = 648C8536C0347D877B73D013 /* TaskService.swift */; };
		F4054F5D049ACF297C09CFD0 /* DailyLogApp.swift in Sources */ = {isa = PBXBuildFile; fileRef = 8C76F135591F5E62ACD7BE96 /* DailyLogApp.swift */; };
		F8E2039B8DB76F0606B64C5C /* Assets.xcassets in Resources */ = {isa = PBXBuildFile; fileRef = 12DC5CA37A3921987CA8E6DC /* Assets.xcassets */; };
		FB166EA87BC819A6E1FC0274 /* SpinWheelView.swift in Sources */ = {isa = PBXBuildFile; fileRef = DFC59D23B475AF2F80D456BE /* SpinWheelView.swift */; };
		FD3FE02183E51C4073F0A0E0 /* AppState.swift in Sources */ = {isa = PBXBuildFile; fileRef = 33AF9A60017ED218AC29613A /* AppState.swift */; };
		FD44DCF97F680240F01AC14A /* RewardService.swift in Sources */ = {isa = PBXBuildFile; fileRef = D32895EDAF2483CA4F26E5E5 /* RewardService.swift */; };
/* End PBXBuildFile section */

/* Begin PBXFileReference section */
		12DC5CA37A3921987CA8E6DC /* Assets.xcassets */ = {isa = PBXFileReference; lastKnownFileType = folder.assetcatalog; path = Assets.xcassets; sourceTree = "<group>"; };
		182CFAADB49E339A7794ADAB /* ProfileService.swift */ = {isa = PBXFileReference; lastKnownFileType = sourcecode.swift; path = ProfileService.swift; sourceTree = "<group>"; };
		195688809888A8BBF04631E4 /* ProfileView.swift */ = {isa = PBXFileReference; lastKnownFileType = sourcecode.swift; path = ProfileView.swift; sourceTree = "<group>"; };
		33AF9A60017ED218AC29613A /* AppState.swift */ = {isa = PBXFileReference; lastKnownFileType = sourcecode.swift; path = AppState.swift; sourceTree = "<group>"; };
		3F36B6E491FF6EE4F023E428 /* CompleteTaskResponse.swift */ = {isa = PBXFileReference; lastKnownFileType = sourcecode.swift; path = CompleteTaskResponse.swift; sourceTree = "<group>"; };
		41A7278F0D66EA877AE2D8B2 /* Spacing.swift */ = {isa = PBXFileReference; lastKnownFileType = sourcecode.swift; path = Spacing.swift; sourceTree = "<group>"; };
		43E6633A5DDD59A1DE5DFC6D /* TaskItem.swift */ = {isa = PBXFileReference; lastKnownFileType = sourcecode.swift; path = TaskItem.swift; sourceTree = "<group>"; };
		532E358BE82A283EAE3D3456 /* FeedService.swift */ = {isa = PBXFileReference; lastKnownFileType = sourcecode.swift; path = FeedService.swift; sourceTree = "<group>"; };
		648C8536C0347D877B73D013 /* TaskService.swift */ = {isa = PBXFileReference; lastKnownFileType = sourcecode.swift; path = TaskService.swift; sourceTree = "<group>"; };
		77A233878E65A42A3320ACCE /* CreateTaskSheet.swift */ = {isa = PBXFileReference; lastKnownFileType = sourcecode.swift; path = CreateTaskSheet.swift; sourceTree = "<group>"; };
		7A744B16B6F8D064303BA205 /* CoinTransaction.swift */ = {isa = PBXFileReference; lastKnownFileType = sourcecode.swift; path = CoinTransaction.swift; sourceTree = "<group>"; };
		8C76F135591F5E62ACD7BE96 /* DailyLogApp.swift */ = {isa = PBXFileReference; lastKnownFileType = sourcecode.swift; path = DailyLogApp.swift; sourceTree = "<group>"; };
		8C9FC12BA5D19D4B8F8EC5FC /* FeedView.swift */ = {isa = PBXFileReference; lastKnownFileType = sourcecode.swift; path = FeedView.swift; sourceTree = "<group>"; };
		9C5C9181F82EAAE17EE56682 /* Reward.swift */ = {isa = PBXFileReference; lastKnownFileType = sourcecode.swift; path = Reward.swift; sourceTree = "<group>"; };
		9F410F5086881F076C520825 /* ContentView.swift */ = {isa = PBXFileReference; lastKnownFileType = sourcecode.swift; path = ContentView.swift; sourceTree = "<group>"; };
		A1CE81FC97C70C3263A82392 /* FeedMessage.swift */ = {isa = PBXFileReference; lastKnownFileType = sourcecode.swift; path = FeedMessage.swift; sourceTree = "<group>"; };
		A31CD2D78295CBC8228931DE /* FeedItemView.swift */ = {isa = PBXFileReference; lastKnownFileType = sourcecode.swift; path = FeedItemView.swift; sourceTree = "<group>"; };
		A6FCDDB035845086FA39CAF0 /* RewardsView.swift */ = {isa = PBXFileReference; lastKnownFileType = sourcecode.swift; path = RewardsView.swift; sourceTree = "<group>"; };
		AD16E1E75F4E542826FCD3EE /* TodayView.swift */ = {isa = PBXFileReference; lastKnownFileType = sourcecode.swift; path = TodayView.swift; sourceTree = "<group>"; };
		B0A084A592040F8115A35C39 /* Components.swift */ = {isa = PBXFileReference; lastKnownFileType = sourcecode.swift; path = Components.swift; sourceTree = "<group>"; };
		B2B3771025FDEF4FEA604991 /* DailyLog.app */ = {isa = PBXFileReference; includeInIndex = 0; lastKnownFileType = wrapper.application; path = DailyLog.app; sourceTree = BUILT_PRODUCTS_DIR; };
		C17C3EAAAC5B09183B000FE9 /* MainTabView.swift */ = {isa = PBXFileReference; lastKnownFileType = sourcecode.swift; path = MainTabView.swift; sourceTree = "<group>"; };
		C29EDC51111B6E3B2667A796 /* TaskRowView.swift */ = {isa = PBXFileReference; lastKnownFileType = sourcecode.swift; path = TaskRowView.swift; sourceTree = "<group>"; };
		C2BF7FC68459BCB5A9301792 /* Colors.swift */ = {isa = PBXFileReference; lastKnownFileType = sourcecode.swift; path = Colors.swift; sourceTree = "<group>"; };
		D32895EDAF2483CA4F26E5E5 /* RewardService.swift */ = {isa = PBXFileReference; lastKnownFileType = sourcecode.swift; path = RewardService.swift; sourceTree = "<group>"; };
		D74A2C973BCCA0CB9902F8B0 /* LoginView.swift */ = {isa = PBXFileReference; lastKnownFileType = sourcecode.swift; path = LoginView.swift; sourceTree = "<group>"; };
		DE71AD088092AEA7C31A6421 /* AuthService.swift */ = {isa = PBXFileReference; lastKnownFileType = sourcecode.swift; path = AuthService.swift; sourceTree = "<group>"; };
		DFC59D23B475AF2F80D456BE /* SpinWheelView.swift */ = {isa = PBXFileReference; lastKnownFileType = sourcecode.swift; path = SpinWheelView.swift; sourceTree = "<group>"; };
		E56CDC6F6CF2FE3F6CB6644F /* SupabaseClient.swift */ = {isa = PBXFileReference; lastKnownFileType = sourcecode.swift; path = SupabaseClient.swift; sourceTree = "<group>"; };
		F76285F6682183B52E8E429E /* User.swift */ = {isa = PBXFileReference; lastKnownFileType = sourcecode.swift; path = User.swift; sourceTree = "<group>"; };
/* End PBXFileReference section */

/* Begin PBXFrameworksBuildPhase section */
		D310F6D6952BE380A2736F51 /* Frameworks */ = {
			isa = PBXFrameworksBuildPhase;
			buildActionMask = 2147483647;
			files = (
				3BB8DA841E6C33FE29393E42 /* Supabase in Frameworks */,
			);
			runOnlyForDeploymentPostprocessing = 0;
		};
/* End PBXFrameworksBuildPhase section */

/* Begin PBXGroup section */
		072A102EC82C2185D60AEAA3 /* Features */ = {
			isa = PBXGroup;
			children = (
				0D51A85CC87927CD13F20E0F /* Feed */,
				7398484AB32668E05CF5FB5B /* Login */,
				3BB96A47E2C9D0323A7BC1D1 /* Profile */,
				69F64AF09D1B16EB17A22C0D /* Rewards */,
				A2AE41B1985846CBF1AACEA5 /* Today */,
			);
			path = Features;
			sourceTree = "<group>";
		};
		0D51A85CC87927CD13F20E0F /* Feed */ = {
			isa = PBXGroup;
			children = (
				A31CD2D78295CBC8228931DE /* FeedItemView.swift */,
				8C9FC12BA5D19D4B8F8EC5FC /* FeedView.swift */,
			);
			path = Feed;
			sourceTree = "<group>";
		};
		3BB96A47E2C9D0323A7BC1D1 /* Profile */ = {
			isa = PBXGroup;
			children = (
				195688809888A8BBF04631E4 /* ProfileView.swift */,
			);
			path = Profile;
			sourceTree = "<group>";
		};
		594425E2FC8EE2BDC3397D77 /* Resources */ = {
			isa = PBXGroup;
			children = (
				12DC5CA37A3921987CA8E6DC /* Assets.xcassets */,
			);
			path = Resources;
			sourceTree = "<group>";
		};
		69F64AF09D1B16EB17A22C0D /* Rewards */ = {
			isa = PBXGroup;
			children = (
				A6FCDDB035845086FA39CAF0 /* RewardsView.swift */,
				DFC59D23B475AF2F80D456BE /* SpinWheelView.swift */,
			);
			path = Rewards;
			sourceTree = "<group>";
		};
		6BD99DEDBB691391C84D770D /* DailyLog */ = {
			isa = PBXGroup;
			children = (
				8092994BEE444CDC8737F366 /* App */,
				C0BEB7AF5AD2068807D66168 /* Core */,
				072A102EC82C2185D60AEAA3 /* Features */,
				594425E2FC8EE2BDC3397D77 /* Resources */,
			);
			path = DailyLog;
			sourceTree = "<group>";
		};
		7398484AB32668E05CF5FB5B /* Login */ = {
			isa = PBXGroup;
			children = (
				D74A2C973BCCA0CB9902F8B0 /* LoginView.swift */,
			);
			path = Login;
			sourceTree = "<group>";
		};
		8092994BEE444CDC8737F366 /* App */ = {
			isa = PBXGroup;
			children = (
				33AF9A60017ED218AC29613A /* AppState.swift */,
				9F410F5086881F076C520825 /* ContentView.swift */,
				8C76F135591F5E62ACD7BE96 /* DailyLogApp.swift */,
				C17C3EAAAC5B09183B000FE9 /* MainTabView.swift */,
			);
			path = App;
			sourceTree = "<group>";
		};
		9BD051C13FC8BA899146B38E = {
			isa = PBXGroup;
			children = (
				6BD99DEDBB691391C84D770D /* DailyLog */,
				AD401DFC77C285C4C6501E40 /* Products */,
			);
			sourceTree = "<group>";
		};
		A2AE41B1985846CBF1AACEA5 /* Today */ = {
			isa = PBXGroup;
			children = (
				77A233878E65A42A3320ACCE /* CreateTaskSheet.swift */,
				C29EDC51111B6E3B2667A796 /* TaskRowView.swift */,
				AD16E1E75F4E542826FCD3EE /* TodayView.swift */,
			);
			path = Today;
			sourceTree = "<group>";
		};
		A67BD18924EE698DF264E757 /* Models */ = {
			isa = PBXGroup;
			children = (
				7A744B16B6F8D064303BA205 /* CoinTransaction.swift */,
				3F36B6E491FF6EE4F023E428 /* CompleteTaskResponse.swift */,
				A1CE81FC97C70C3263A82392 /* FeedMessage.swift */,
				9C5C9181F82EAAE17EE56682 /* Reward.swift */,
				43E6633A5DDD59A1DE5DFC6D /* TaskItem.swift */,
				F76285F6682183B52E8E429E /* User.swift */,
			);
			path = Models;
			sourceTree = "<group>";
		};
		AD401DFC77C285C4C6501E40 /* Products */ = {
			isa = PBXGroup;
			children = (
				B2B3771025FDEF4FEA604991 /* DailyLog.app */,
			);
			name = Products;
			sourceTree = "<group>";
		};
		B088FC86AF377B57999A754D /* Supabase */ = {
			isa = PBXGroup;
			children = (
				E56CDC6F6CF2FE3F6CB6644F /* SupabaseClient.swift */,
			);
			path = Supabase;
			sourceTree = "<group>";
		};
		C0BEB7AF5AD2068807D66168 /* Core */ = {
			isa = PBXGroup;
			children = (
				E18BA72240185DCD63176E4A /* DesignSystem */,
				A67BD18924EE698DF264E757 /* Models */,
				EACBC9B1D7E9BFBC8898CBA8 /* Services */,
				B088FC86AF377B57999A754D /* Supabase */,
			);
			path = Core;
			sourceTree = "<group>";
		};
		E18BA72240185DCD63176E4A /* DesignSystem */ = {
			isa = PBXGroup;
			children = (
				C2BF7FC68459BCB5A9301792 /* Colors.swift */,
				B0A084A592040F8115A35C39 /* Components.swift */,
				41A7278F0D66EA877AE2D8B2 /* Spacing.swift */,
			);
			path = DesignSystem;
			sourceTree = "<group>";
		};
		EACBC9B1D7E9BFBC8898CBA8 /* Services */ = {
			isa = PBXGroup;
			children = (
				DE71AD088092AEA7C31A6421 /* AuthService.swift */,
				532E358BE82A283EAE3D3456 /* FeedService.swift */,
				182CFAADB49E339A7794ADAB /* ProfileService.swift */,
				D32895EDAF2483CA4F26E5E5 /* RewardService.swift */,
				648C8536C0347D877B73D013 /* TaskService.swift */,
			);
			path = Services;
			sourceTree = "<group>";
		};
/* End PBXGroup section */

/* Begin PBXNativeTarget section */
		C2D41046E74A5AA13BAFC648 /* DailyLog */ = {
			isa = PBXNativeTarget;
			buildConfigurationList = 95C00160A811723893FFBEEA /* Build configuration list for PBXNativeTarget "DailyLog" */;
			buildPhases = (
				18CC1235CB3419859DCA5AB3 /* Sources */,
				F8B43388D9B17DF3C4E851D1 /* Resources */,
				D310F6D6952BE380A2736F51 /* Frameworks */,
			);
			buildRules = (
			);
			dependencies = (
			);
			name = DailyLog;
			packageProductDependencies = (
				57831C2B2137246D7B272C43 /* Supabase */,
			);
			productName = DailyLog;
			productReference = B2B3771025FDEF4FEA604991 /* DailyLog.app */;
			productType = "com.apple.product-type.application";
		};
/* End PBXNativeTarget section */

/* Begin PBXProject section */
		E1BCFD06906598850F70D884 /* Project object */ = {
			isa = PBXProject;
			attributes = {
				BuildIndependentTargetsInParallel = YES;
				LastUpgradeCheck = 1500;
				TargetAttributes = {
				};
			};
			buildConfigurationList = 8B329D369B8CFBB2DD7CEDAD /* Build configuration list for PBXProject "DailyLog" */;
			developmentRegion = en;
			hasScannedForEncodings = 0;
			knownRegions = (
				Base,
				en,
			);
			mainGroup = 9BD051C13FC8BA899146B38E;
			minimizedProjectReferenceProxies = 1;
			packageReferences = (
				00D67B2EF9CB8988AB2CF25E /* XCRemoteSwiftPackageReference "supabase-swift" */,
			);
			preferredProjectObjectVersion = 77;
			productRefGroup = AD401DFC77C285C4C6501E40 /* Products */;
			projectDirPath = "";
			projectRoot = "";
			targets = (
				C2D41046E74A5AA13BAFC648 /* DailyLog */,
			);
		};
/* End PBXProject section */

/* Begin PBXResourcesBuildPhase section */
		F8B43388D9B17DF3C4E851D1 /* Resources */ = {
			isa = PBXResourcesBuildPhase;
			buildActionMask = 2147483647;
			files = (
				F8E2039B8DB76F0606B64C5C /* Assets.xcassets in Resources */,
			);
			runOnlyForDeploymentPostprocessing = 0;
		};
/* End PBXResourcesBuildPhase section */

/* Begin PBXSourcesBuildPhase section */
		18CC1235CB3419859DCA5AB3 /* Sources */ = {
			isa = PBXSourcesBuildPhase;
			buildActionMask = 2147483647;
			files = (
				FD3FE02183E51C4073F0A0E0 /* AppState.swift in Sources */,
				C549B1ECEC81BD46177BF024 /* AuthService.swift in Sources */,
				575D7FE4935513A86CF7BBE1 /* CoinTransaction.swift in Sources */,
				7AF5E09A5A8B2B5EE50641BA /* Colors.swift in Sources */,
				A59578B0640F2241DB56E331 /* CompleteTaskResponse.swift in Sources */,
				37BAA2A8C61EE10446FC7521 /* Components.swift in Sources */,
				B95F2CD7C97A6920AEE9088C /* ContentView.swift in Sources */,
				5175F1FF88D78AEB176FAF59 /* CreateTaskSheet.swift in Sources */,
				F4054F5D049ACF297C09CFD0 /* DailyLogApp.swift in Sources */,
				A5A3DEA649381DD3B4DC5DF3 /* FeedItemView.swift in Sources */,
				9C5FDA727AE5E6D14EB78297 /* FeedMessage.swift in Sources */,
				A0C167D9C24F2419039AEE17 /* FeedService.swift in Sources */,
				C52FA76294D9561899248881 /* FeedView.swift in Sources */,
				354A28D7A2F66C0DC80E6FDF /* LoginView.swift in Sources */,
				3AFD13BFF0AC8AFAE54FAE75 /* MainTabView.swift in Sources */,
				D2FC8E9E4E304C0761AFD210 /* ProfileService.swift in Sources */,
				9E3594A59C52A87BB65AA3A4 /* ProfileView.swift in Sources */,
				02258504811F981D6A621E64 /* Reward.swift in Sources */,
				FD44DCF97F680240F01AC14A /* RewardService.swift in Sources */,
				68D18D30B9DDCF683F67F1D6 /* RewardsView.swift in Sources */,
				C7910A3AC7FB5768C42A8950 /* Spacing.swift in Sources */,
				FB166EA87BC819A6E1FC0274 /* SpinWheelView.swift in Sources */,
				3627C0491BC4CE1B4C543A46 /* SupabaseClient.swift in Sources */,
				BE1AB270308CDF84963901A2 /* TaskItem.swift in Sources */,
				93A4D91C3947DCCE0EEC61A2 /* TaskRowView.swift in Sources */,
				D87FC09BEBAE2B7930BAAC2C /* TaskService.swift in Sources */,
				51B844AF5668604BC1D4EED6 /* TodayView.swift in Sources */,
				7C1230BB1E1784EDB104DAFF /* User.swift in Sources */,
			);
			runOnlyForDeploymentPostprocessing = 0;
		};
/* End PBXSourcesBuildPhase section */

/* Begin XCBuildConfiguration section */
		00DE062270195FEA9B60F58D /* Debug */ = {
			isa = XCBuildConfiguration;
			buildSettings = {
				ALWAYS_SEARCH_USER_PATHS = NO;
				CLANG_ANALYZER_NONNULL = YES;
				CLANG_ANALYZER_NUMBER_OBJECT_CONVERSION = YES_AGGRESSIVE;
				CLANG_CXX_LANGUAGE_STANDARD = "gnu++14";
				CLANG_CXX_LIBRARY = "libc++";
				CLANG_ENABLE_MODULES = YES;
				CLANG_ENABLE_OBJC_ARC = YES;
				CLANG_ENABLE_OBJC_WEAK = YES;
				CLANG_WARN_BLOCK_CAPTURE_AUTORELEASING = YES;
				CLANG_WARN_BOOL_CONVERSION = YES;
				CLANG_WARN_COMMA = YES;
				CLANG_WARN_CONSTANT_CONVERSION = YES;
				CLANG_WARN_DEPRECATED_OBJC_IMPLEMENTATIONS = YES;
				CLANG_WARN_DIRECT_OBJC_ISA_USAGE = YES_ERROR;
				CLANG_WARN_DOCUMENTATION_COMMENTS = YES;
				CLANG_WARN_EMPTY_BODY = YES;
				CLANG_WARN_ENUM_CONVERSION = YES;
				CLANG_WARN_INFINITE_RECURSION = YES;
				CLANG_WARN_INT_CONVERSION = YES;
				CLANG_WARN_NON_LITERAL_NULL_CONVERSION = YES;
				CLANG_WARN_OBJC_IMPLICIT_RETAIN_SELF = YES;
				CLANG_WARN_OBJC_LITERAL_CONVERSION = YES;
				CLANG_WARN_OBJC_ROOT_CLASS = YES_ERROR;
				CLANG_WARN_QUOTED_INCLUDE_IN_FRAMEWORK_HEADER = YES;
				CLANG_WARN_RANGE_LOOP_ANALYSIS = YES;
				CLANG_WARN_STRICT_PROTOTYPES = YES;
				CLANG_WARN_SUSPICIOUS_MOVE = YES;
				CLANG_WARN_UNGUARDED_AVAILABILITY = YES_AGGRESSIVE;
				CLANG_WARN_UNREACHABLE_CODE = YES;
				CLANG_WARN__DUPLICATE_METHOD_MATCH = YES;
				COPY_PHASE_STRIP = NO;
				DEBUG_INFORMATION_FORMAT = dwarf;
				ENABLE_STRICT_OBJC_MSGSEND = YES;
				ENABLE_TESTABILITY = YES;
				GCC_C_LANGUAGE_STANDARD = gnu11;
				GCC_DYNAMIC_NO_PIC = NO;
				GCC_NO_COMMON_BLOCKS = YES;
				GCC_OPTIMIZATION_LEVEL = 0;
				GCC_PREPROCESSOR_DEFINITIONS = (
					"$(inherited)",
					"DEBUG=1",
				);
				GCC_WARN_64_TO_32_BIT_CONVERSION = YES;
				GCC_WARN_ABOUT_RETURN_TYPE = YES_ERROR;
				GCC_WARN_UNDECLARED_SELECTOR = YES;
				GCC_WARN_UNINITIALIZED_AUTOS = YES_AGGRESSIVE;
				GCC_WARN_UNUSED_FUNCTION = YES;
				GCC_WARN_UNUSED_VARIABLE = YES;
				IPHONEOS_DEPLOYMENT_TARGET = 26.0;
				MTL_ENABLE_DEBUG_INFO = INCLUDE_SOURCE;
				MTL_FAST_MATH = YES;
				ONLY_ACTIVE_ARCH = YES;
				PRODUCT_NAME = "$(TARGET_NAME)";
				SDKROOT = iphoneos;
				SWIFT_ACTIVE_COMPILATION_CONDITIONS = DEBUG;
				SWIFT_OPTIMIZATION_LEVEL = "-Onone";
				SWIFT_VERSION = 5.0;
			};
			name = Debug;
		};
		2F9280905FD6ECBB0A2B5314 /* Release */ = {
			isa = XCBuildConfiguration;
			buildSettings = {
				ALWAYS_SEARCH_USER_PATHS = NO;
				CLANG_ANALYZER_NONNULL = YES;
				CLANG_ANALYZER_NUMBER_OBJECT_CONVERSION = YES_AGGRESSIVE;
				CLANG_CXX_LANGUAGE_STANDARD = "gnu++14";
				CLANG_CXX_LIBRARY = "libc++";
				CLANG_ENABLE_MODULES = YES;
				CLANG_ENABLE_OBJC_ARC = YES;
				CLANG_ENABLE_OBJC_WEAK = YES;
				CLANG_WARN_BLOCK_CAPTURE_AUTORELEASING = YES;
				CLANG_WARN_BOOL_CONVERSION = YES;
				CLANG_WARN_COMMA = YES;
				CLANG_WARN_CONSTANT_CONVERSION = YES;
				CLANG_WARN_DEPRECATED_OBJC_IMPLEMENTATIONS = YES;
				CLANG_WARN_DIRECT_OBJC_ISA_USAGE = YES_ERROR;
				CLANG_WARN_DOCUMENTATION_COMMENTS = YES;
				CLANG_WARN_EMPTY_BODY = YES;
				CLANG_WARN_ENUM_CONVERSION = YES;
				CLANG_WARN_INFINITE_RECURSION = YES;
				CLANG_WARN_INT_CONVERSION = YES;
				CLANG_WARN_NON_LITERAL_NULL_CONVERSION = YES;
				CLANG_WARN_OBJC_IMPLICIT_RETAIN_SELF = YES;
				CLANG_WARN_OBJC_LITERAL_CONVERSION = YES;
				CLANG_WARN_OBJC_ROOT_CLASS = YES_ERROR;
				CLANG_WARN_QUOTED_INCLUDE_IN_FRAMEWORK_HEADER = YES;
				CLANG_WARN_RANGE_LOOP_ANALYSIS = YES;
				CLANG_WARN_STRICT_PROTOTYPES = YES;
				CLANG_WARN_SUSPICIOUS_MOVE = YES;
				CLANG_WARN_UNGUARDED_AVAILABILITY = YES_AGGRESSIVE;
				CLANG_WARN_UNREACHABLE_CODE = YES;
				CLANG_WARN__DUPLICATE_METHOD_MATCH = YES;
				COPY_PHASE_STRIP = NO;
				DEBUG_INFORMATION_FORMAT = "dwarf-with-dsym";
				ENABLE_NS_ASSERTIONS = NO;
				ENABLE_STRICT_OBJC_MSGSEND = YES;
				GCC_C_LANGUAGE_STANDARD = gnu11;
				GCC_NO_COMMON_BLOCKS = YES;
				GCC_WARN_64_TO_32_BIT_CONVERSION = YES;
				GCC_WARN_ABOUT_RETURN_TYPE = YES_ERROR;
				GCC_WARN_UNDECLARED_SELECTOR = YES;
				GCC_WARN_UNINITIALIZED_AUTOS = YES_AGGRESSIVE;
				GCC_WARN_UNUSED_FUNCTION = YES;
				GCC_WARN_UNUSED_VARIABLE = YES;
				IPHONEOS_DEPLOYMENT_TARGET = 26.0;
				MTL_ENABLE_DEBUG_INFO = NO;
				MTL_FAST_MATH = YES;
				PRODUCT_NAME = "$(TARGET_NAME)";
				SDKROOT = iphoneos;
				SWIFT_COMPILATION_MODE = wholemodule;
				SWIFT_OPTIMIZATION_LEVEL = "-O";
				SWIFT_VERSION = 5.0;
			};
			name = Release;
		};
		F5C8373B790322B6B737DF0E /* Debug */ = {
			isa = XCBuildConfiguration;
			buildSettings = {
				ASSETCATALOG_COMPILER_APPICON_NAME = AppIcon;
				CODE_SIGN_IDENTITY = "iPhone Developer";
				CURRENT_PROJECT_VERSION = 1;
				GENERATE_INFOPLIST_FILE = YES;
				INFOPLIST_KEY_UIApplicationSceneManifest_Generation = YES;
				INFOPLIST_KEY_UILaunchScreen_Generation = YES;
				LD_RUNPATH_SEARCH_PATHS = (
					"$(inherited)",
					"@executable_path/Frameworks",
				);
				MARKETING_VERSION = 1.0.0;
				PRODUCT_BUNDLE_IDENTIFIER = com.wangjinlong.DailyLog;
				SDKROOT = iphoneos;
				SWIFT_VERSION = 5.9;
				TARGETED_DEVICE_FAMILY = "1,2";
			};
			name = Debug;
		};
		FC1CE240A6D77A8B2158F9B5 /* Release */ = {
			isa = XCBuildConfiguration;
			buildSettings = {
				ASSETCATALOG_COMPILER_APPICON_NAME = AppIcon;
				CODE_SIGN_IDENTITY = "iPhone Developer";
				CURRENT_PROJECT_VERSION = 1;
				GENERATE_INFOPLIST_FILE = YES;
				INFOPLIST_KEY_UIApplicationSceneManifest_Generation = YES;
				INFOPLIST_KEY_UILaunchScreen_Generation = YES;
				LD_RUNPATH_SEARCH_PATHS = (
					"$(inherited)",
					"@executable_path/Frameworks",
				);
				MARKETING_VERSION = 1.0.0;
				PRODUCT_BUNDLE_IDENTIFIER = com.wangjinlong.DailyLog;
				SDKROOT = iphoneos;
				SWIFT_VERSION = 5.9;
				TARGETED_DEVICE_FAMILY = "1,2";
			};
			name = Release;
		};
/* End XCBuildConfiguration section */

/* Begin XCConfigurationList section */
		8B329D369B8CFBB2DD7CEDAD /* Build configuration list for PBXProject "DailyLog" */ = {
			isa = XCConfigurationList;
			buildConfigurations = (
				00DE062270195FEA9B60F58D /* Debug */,
				2F9280905FD6ECBB0A2B5314 /* Release */,
			);
			defaultConfigurationIsVisible = 0;
			defaultConfigurationName = Debug;
		};
		95C00160A811723893FFBEEA /* Build configuration list for PBXNativeTarget "DailyLog" */ = {
			isa = XCConfigurationList;
			buildConfigurations = (
				F5C8373B790322B6B737DF0E /* Debug */,
				FC1CE240A6D77A8B2158F9B5 /* Release */,
			);
			defaultConfigurationIsVisible = 0;
			defaultConfigurationName = Debug;
		};
/* End XCConfigurationList section */

/* Begin XCRemoteSwiftPackageReference section */
		00D67B2EF9CB8988AB2CF25E /* XCRemoteSwiftPackageReference "supabase-swift" */ = {
			isa = XCRemoteSwiftPackageReference;
			repositoryURL = "https://github.com/supabase/supabase-swift.git";
			requirement = {
				kind = upToNextMajorVersion;
				minimumVersion = 2.0.0;
			};
		};
/* End XCRemoteSwiftPackageReference section */

/* Begin XCSwiftPackageProductDependency section */
		57831C2B2137246D7B272C43 /* Supabase */ = {
			isa = XCSwiftPackageProductDependency;
			package = 00D67B2EF9CB8988AB2CF25E /* XCRemoteSwiftPackageReference "supabase-swift" */;
			productName = Supabase;
		};
/* End XCSwiftPackageProductDependency section */
	};
	rootObject = E1BCFD06906598850F70D884 /* Project object */;
}
